// !$*UTF8*$!
{
	archiveVersion = 1;
	classes = {
	};
	objectVersion = 56;
	objects = {

/* Begin PBXBuildFile section */
		3C4257AE2AC4679400042CD5 /* BreathEaseApp.swift in Sources */ = {isa = PBXBuildFile; fileRef = 3C4257AD2AC4679400042CD5 /* BreathEaseApp.swift */; };
		3C4257B02AC4679400042CD5 /* ContentView.swift in Sources */ = {isa = PBXBuildFile; fileRef = 3C4257AF2AC4679400042CD5 /* ContentView.swift */; };
		3C4257B22AC467A100042CD5 /* Assets.xcassets in Resources */ = {isa = PBXBuildFile; fileRef = 3C4257B12AC467A100042CD5 /* Assets.xcassets */; };
		3C4257B52AC467A100042CD5 /* Preview Assets.xcassets in Resources */ = {isa = PBXBuildFile; fileRef = 3C4257B42AC467A100042CD5 /* Preview Assets.xcassets */; };
		3C4257BF2AC467A300042CD5 /* BreathEaseTests.swift in Sources */ = {isa = PBXBuildFile; fileRef = 3C4257BE2AC467A300042CD5 /* BreathEaseTests.swift */; };
		3C4257C92AC467A300042CD5 /* BreathEaseUITests.swift in Sources */ = {isa = PBXBuildFile; fileRef = 3C4257C82AC467A300042CD5 /* BreathEaseUITests.swift */; };
		3C4257CB2AC467A300042CD5 /* BreathEaseUITestsLaunchTests.swift in Sources */ = {isa = PBXBuildFile; fileRef = 3C4257CA2AC467A300042CD5 /* BreathEaseUITestsLaunchTests.swift */; };
/* End PBXBuildFile section */

/* Begin PBXContainerItemProxy section */
		3C4257BB2AC467A300042CD5 /* PBXContainerItemProxy */ = {
			isa = PBXContainerItemProxy;
			containerPortal = 3C4257A22AC4679300042CD5 /* Project object */;
			proxyType = 1;
			remoteGlobalIDString = 3C4257A92AC4679400042CD5;
			remoteInfo = BreathEase;
		};
		3C4257C52AC467A300042CD5 /* PBXContainerItemProxy */ = {
			isa = PBXContainerItemProxy;
			containerPortal = 3C4257A22AC4679300042CD5 /* Project object */;
			proxyType = 1;
			remoteGlobalIDString = 3C4257A92AC4679400042CD5;
			remoteInfo = BreathEase;
		};
/* End PBXContainerItemProxy section */

/* Begin PBXFileReference section */
		3C4257AA2AC4679400042CD5 /* BreathEase.app */ = {isa = PBXFileReference; explicitFileType = wrapper.application; includeInIndex = 0; path = BreathEase.app; sourceTree = BUILT_PRODUCTS_DIR; };
		3C4257AD2AC4679400042CD5 /* BreathEaseApp.swift */ = {isa = PBXFileReference; lastKnownFileType = sourcecode.swift; path = BreathEaseApp.swift; sourceTree = "<group>"; };
		3C4257AF2AC4679400042CD5 /* ContentView.swift */ = {isa = PBXFileReference; lastKnownFileType = sourcecode.swift; path = ContentView.swift; sourceTree = "<group>"; };
		3C4257B12AC467A100042CD5 /* Assets.xcassets */ = {isa = PBXFileReference; lastKnownFileType = folder.assetcatalog; path = Assets.xcassets; sourceTree = "<group>"; };
		3C4257B42AC467A100042CD5 /* Preview Assets.xcassets */ = {isa = PBXFileReference; lastKnownFileType = folder.assetcatalog; path = "Preview Assets.xcassets"; sourceTree = "<group>"; };
		3C4257BA2AC467A300042CD5 /* BreathEaseTests.xctest */ = {isa = PBXFileReference; explicitFileType = wrapper.cfbundle; includeInIndex = 0; path = BreathEaseTests.xctest; sourceTree = BUILT_PRODUCTS_DIR; };
		3C4257BE2AC467A300042CD5 /* BreathEaseTests.swift */ = {isa = PBXFileReference; lastKnownFileType = sourcecode.swift; path = BreathEaseTests.swift; sourceTree = "<group>"; };
		3C4257C42AC467A300042CD5 /* BreathEaseUITests.xctest */ = {isa = PBXFileReference; explicitFileType = wrapper.cfbundle; includeInIndex = 0; path = BreathEaseUITests.xctest; sourceTree = BUILT_PRODUCTS_DIR; };
		3C4257C82AC467A300042CD5 /* BreathEaseUITests.swift */ = {isa = PBXFileReference; lastKnownFileType = sourcecode.swift; path = BreathEaseUITests.swift; sourceTree = "<group>"; };
		3C4257CA2AC467A300042CD5 /* BreathEaseUITestsLaunchTests.swift */ = {isa = PBXFileReference; lastKnownFileType = sourcecode.swift; path = BreathEaseUITestsLaunchTests.swift; sourceTree = "<group>"; };
/* End PBXFileReference section */

/* Begin PBXFrameworksBuildPhase section */
		3C4257A72AC4679400042CD5 /* Frameworks */ = {
			isa = PBXFrameworksBuildPhase;
			buildActionMask = 2147483647;
			files = (
			);
			runOnlyForDeploymentPostprocessing = 0;
		};
		3C4257B72AC467A300042CD5 /* Frameworks */ = {
			isa = PBXFrameworksBuildPhase;
			buildActionMask = 2147483647;
			files = (
			);
			runOnlyForDeploymentPostprocessing = 0;
		};
		3C4257C12AC467A300042CD5 /* Frameworks */ = {
			isa = PBXFrameworksBuildPhase;
			buildActionMask = 2147483647;
			files = (
			);
			runOnlyForDeploymentPostprocessing = 0;
		};
/* End PBXFrameworksBuildPhase section */

/* Begin PBXGroup section */
		3C4257A12AC4679300042CD5 = {
			isa = PBXGroup;
			children = (
				3C4257AC2AC4679400042CD5 /* BreathEase */,
				3C4257BD2AC467A300042CD5 /* BreathEaseTests */,
				3C4257C72AC467A300042CD5 /* BreathEaseUITests */,
				3C4257AB2AC4679400042CD5 /* Products */,
			);
			sourceTree = "<group>";
		};
		3C4257AB2AC4679400042CD5 /* Products */ = {
			isa = PBXGroup;
			children = (
				3C4257AA2AC4679400042CD5 /* BreathEase.app */,
				3C4257BA2AC467A300042CD5 /* BreathEaseTests.xctest */,
				3C4257C42AC467A300042CD5 /* BreathEaseUITests.xctest */,
			);
			name = Products;
			sourceTree = "<group>";
		};
		3C4257AC2AC4679400042CD5 /* BreathEase */ = {
			isa = PBXGroup;
			children = (
				3C4257AD2AC4679400042CD5 /* BreathEaseApp.swift */,
				3C4257AF2AC4679400042CD5 /* ContentView.swift */,
				3C4257B12AC467A100042CD5 /* Assets.xcassets */,
				3C4257B32AC467A100042CD5 /* Preview Content */,
			);
			path = BreathEase;
			sourceTree = "<group>";
		};
		3C4257B32AC467A100042CD5 /* Preview Content */ = {
			isa = PBXGroup;
			children = (
				3C4257B42AC467A100042CD5 /* Preview Assets.xcassets */,
			);
			path = "Preview Content";
			sourceTree = "<group>";
		};
		3C4257BD2AC467A300042CD5 /* BreathEaseTests */ = {
			isa = PBXGroup;
			children = (
				3C4257BE2AC467A300042CD5 /* BreathEaseTests.swift */,
			);
			path = BreathEaseTests;
			sourceTree = "<group>";
		};
		3C4257C72AC467A300042CD5 /* BreathEaseUITests */ = {
			isa = PBXGroup;
			children = (
				3C4257C82AC467A300042CD5 /* BreathEaseUITests.swift */,
				3C4257CA2AC467A300042CD5 /* BreathEaseUITestsLaunchTests.swift */,
			);
			path = BreathEaseUITests;
			sourceTree = "<group>";
		};
/* End PBXGroup section */

/* Begin PBXNativeTarget section */
		3C4257A92AC4679400042CD5 /* BreathEase */ = {
			isa = PBXNativeTarget;
			buildConfigurationList = 3C4257CE2AC467A300042CD5 /* Build configuration list for PBXNativeTarget "BreathEase" */;
			buildPhases = (
				3C4257A62AC4679400042CD5 /* Sources */,
				3C4257A72AC4679400042CD5 /* Frameworks */,
				3C4257A82AC4679400042CD5 /* Resources */,
			);
			buildRules = (
			);
			dependencies = (
			);
			name = BreathEase;
			productName = BreathEase;
			productReference = 3C4257AA2AC4679400042CD5 /* BreathEase.app */;
			productType = "com.apple.product-type.application";
		};
		3C4257B92AC467A300042CD5 /* BreathEaseTests */ = {
			isa = PBXNativeTarget;
			buildConfigurationList = 3C4257D12AC467A400042CD5 /* Build configuration list for PBXNativeTarget "BreathEaseTests" */;
			buildPhases = (
				3C4257B62AC467A300042CD5 /* Sources */,
				3C4257B72AC467A300042CD5 /* Frameworks */,
				3C4257B82AC467A300042CD5 /* Resources */,
			);
			buildRules = (
			);
			dependencies = (
				3C4257BC2AC467A300042CD5 /* PBXTargetDependency */,
			);
			name = BreathEaseTests;
			productName = BreathEaseTests;
			productReference = 3C4257BA2AC467A300042CD5 /* BreathEaseTests.xctest */;
			productType = "com.apple.product-type.bundle.unit-test";
		};
		3C4257C32AC467A300042CD5 /* BreathEaseUITests */ = {
			isa = PBXNativeTarget;
			buildConfigurationList = 3C4257D42AC467A400042CD5 /* Build configuration list for PBXNativeTarget "BreathEaseUITests" */;
			buildPhases = (
				3C4257C02AC467A300042CD5 /* Sources */,
				3C4257C12AC467A300042CD5 /* Frameworks */,
				3C4257C22AC467A300042CD5 /* Resources */,
			);
			buildRules = (
			);
			dependencies = (
				3C4257C62AC467A300042CD5 /* PBXTargetDependency */,
			);
			name = BreathEaseUITests;
			productName = BreathEaseUITests;
			productReference = 3C4257C42AC467A300042CD5 /* BreathEaseUITests.xctest */;
			productType = "com.apple.product-type.bundle.ui-testing";
		};
/* End PBXNativeTarget section */

/* Begin PBXProject section */
		3C4257A22AC4679300042CD5 /* Project object */ = {
			isa = PBXProject;
			attributes = {
				BuildIndependentTargetsInParallel = 1;
				LastSwiftUpdateCheck = 1410;
				LastUpgradeCheck = 1410;
				TargetAttributes = {
					3C4257A92AC4679400042CD5 = {
						CreatedOnToolsVersion = 14.1;
					};
					3C4257B92AC467A300042CD5 = {
						CreatedOnToolsVersion = 14.1;
						TestTargetID = 3C4257A92AC4679400042CD5;
					};
					3C4257C32AC467A300042CD5 = {
						CreatedOnToolsVersion = 14.1;
						TestTargetID = 3C4257A92AC4679400042CD5;
					};
				};
			};
			buildConfigurationList = 3C4257A52AC4679300042CD5 /* Build configuration list for PBXProject "BreathEase" */;
			compatibilityVersion = "Xcode 14.0";
			developmentRegion = en;
			hasScannedForEncodings = 0;
			knownRegions = (
				en,
				Base,
			);
			mainGroup = 3C4257A12AC4679300042CD5;
			productRefGroup = 3C4257AB2AC4679400042CD5 /* Products */;
			projectDirPath = "";
			projectRoot = "";
			targets = (
				3C4257A92AC4679400042CD5 /* BreathEase */,
				3C4257B92AC467A300042CD5 /* BreathEaseTests */,
				3C4257C32AC467A300042CD5 /* BreathEaseUITests */,
			);
		};
/* End PBXProject section */

/* Begin PBXResourcesBuildPhase section */
		3C4257A82AC4679400042CD5 /* Resources */ = {
			isa = PBXResourcesBuildPhase;
			buildActionMask = 2147483647;
			files = (
				3C4257B52AC467A100042CD5 /* Preview Assets.xcassets in Resources */,
				3C4257B22AC467A100042CD5 /* Assets.xcassets in Resources */,
			);
			runOnlyForDeploymentPostprocessing = 0;
		};
		3C4257B82AC467A300042CD5 /* Resources */ = {
			isa = PBXResourcesBuildPhase;
			buildActionMask = 2147483647;
			files = (
			);
			runOnlyForDeploymentPostprocessing = 0;
		};
		3C4257C22AC467A300042CD5 /* Resources */ = {
			isa = PBXResourcesBuildPhase;
			buildActionMask = 2147483647;
			files = (
			);
			runOnlyForDeploymentPostprocessing = 0;
		};
/* End PBXResourcesBuildPhase section */

/* Begin PBXSourcesBuildPhase section */
		3C4257A62AC4679400042CD5 /* Sources */ = {
			isa = PBXSourcesBuildPhase;
			buildActionMask = 2147483647;
			files = (
				3C4257B02AC4679400042CD5 /* ContentView.swift in Sources */,
				3C4257AE2AC4679400042CD5 /* BreathEaseApp.swift in Sources */,
			);
			runOnlyForDeploymentPostprocessing = 0;
		};
		3C4257B62AC467A300042CD5 /* Sources */ = {
			isa = PBXSourcesBuildPhase;
			buildActionMask = 2147483647;
			files = (
				3C4257BF2AC467A300042CD5 /* BreathEaseTests.swift in Sources */,
			);
			runOnlyForDeploymentPostprocessing = 0;
		};
		3C4257C02AC467A300042CD5 /* Sources */ = {
			isa = PBXSourcesBuildPhase;
			buildActionMask = 2147483647;
			files = (
				3C4257CB2AC467A300042CD5 /* BreathEaseUITestsLaunchTests.swift in Sources */,
				3C4257C92AC467A300042CD5 /* BreathEaseUITests.swift in Sources */,
			);
			runOnlyForDeploymentPostprocessing = 0;
		};
/* End PBXSourcesBuildPhase section */

/* Begin PBXTargetDependency section */
		3C4257BC2AC467A300042CD5 /* PBXTargetDependency */ = {
			isa = PBXTargetDependency;
			target = 3C4257A92AC4679400042CD5 /* BreathEase */;
			targetProxy = 3C4257BB2AC467A300042CD5 /* PBXContainerItemProxy */;
		};
		3C4257C62AC467A300042CD5 /* PBXTargetDependency */ = {
			isa = PBXTargetDependency;
			target = 3C4257A92AC4679400042CD5 /* BreathEase */;
			targetProxy = 3C4257C52AC467A300042CD5 /* PBXContainerItemProxy */;
		};
/* End PBXTargetDependency section */

/* Begin XCBuildConfiguration section */
		3C4257CC2AC467A300042CD5 /* Debug */ = {
			isa = XCBuildConfiguration;
			buildSettings = {
				ALWAYS_SEARCH_USER_PATHS = NO;
				CLANG_ANALYZER_NONNULL = YES;
				CLANG_ANALYZER_NUMBER_OBJECT_CONVERSION = YES_AGGRESSIVE;
				CLANG_CXX_LANGUAGE_STANDARD = "gnu++20";
				CLANG_ENABLE_MODULES = YES;
				CLANG_ENABLE_OBJC_ARC = YES;
				CLANG_ENABLE_OBJC_WEAK = YES;
				CLANG_WARN_BLOCK_CAPTURE_AUTORELEASING = YES;
				CLANG_WARN_BOOL_CONVERSION = YES;
				CLANG_WARN_COMMA = YES;
				CLANG_WARN_CONSTANT_CONVERSION = YES;
				CLANG_WARN_DEPRECATED_OBJC_IMPLEMENTATIONS = YES;
				CLANG_WARN_DIRECT_OBJC_ISA_USAGE = YES_ERROR;
				CLANG_WARN_DOCUMENTATION_COMMENTS = YES;
				CLANG_WARN_EMPTY_BODY = YES;
				CLANG_WARN_ENUM_CONVERSION = YES;
				CLANG_WARN_INFINITE_RECURSION = YES;
				CLANG_WARN_INT_CONVERSION = YES;
				CLANG_WARN_NON_LITERAL_NULL_CONVERSION = YES;
				CLANG_WARN_OBJC_IMPLICIT_RETAIN_SELF = YES;
				CLANG_WARN_OBJC_LITERAL_CONVERSION = YES;
				CLANG_WARN_OBJC_ROOT_CLASS = YES_ERROR;
				CLANG_WARN_QUOTED_INCLUDE_IN_FRAMEWORK_HEADER = YES;
				CLANG_WARN_RANGE_LOOP_ANALYSIS = YES;
				CLANG_WARN_STRICT_PROTOTYPES = YES;
				CLANG_WARN_SUSPICIOUS_MOVE = YES;
				CLANG_WARN_UNGUARDED_AVAILABILITY = YES_AGGRESSIVE;
				CLANG_WARN_UNREACHABLE_CODE = YES;
				CLANG_WARN__DUPLICATE_METHOD_MATCH = YES;
				COPY_PHASE_STRIP = NO;
				DEBUG_INFORMATION_FORMAT = dwarf;
				ENABLE_STRICT_OBJC_MSGSEND = YES;
				ENABLE_TESTABILITY = YES;
				GCC_C_LANGUAGE_STANDARD = gnu11;
				GCC_DYNAMIC_NO_PIC = NO;
				GCC_NO_COMMON_BLOCKS = YES;
				GCC_OPTIMIZATION_LEVEL = 0;
				GCC_PREPROCESSOR_DEFINITIONS = (
					"DEBUG=1",
					"$(inherited)",
				);
				GCC_WARN_64_TO_32_BIT_CONVERSION = YES;
				GCC_WARN_ABOUT_RETURN_TYPE = YES_ERROR;
				GCC_WARN_UNDECLARED_SELECTOR = YES;
				GCC_WARN_UNINITIALIZED_AUTOS = YES_AGGRESSIVE;
				GCC_WARN_UNUSED_FUNCTION = YES;
				GCC_WARN_UNUSED_VARIABLE = YES;
				IPHONEOS_DEPLOYMENT_TARGET = 16.1;
				MTL_ENABLE_DEBUG_INFO = INCLUDE_SOURCE;
				MTL_FAST_MATH = YES;
				ONLY_ACTIVE_ARCH = YES;
				SDKROOT = iphoneos;
				SWIFT_ACTIVE_COMPILATION_CONDITIONS = DEBUG;
				SWIFT_OPTIMIZATION_LEVEL = "-Onone";
			};
			name = Debug;
		};
		3C4257CD2AC467A300042CD5 /* Release */ = {
			isa = XCBuildConfiguration;
			buildSettings = {
				ALWAYS_SEARCH_USER_PATHS = NO;
				CLANG_ANALYZER_NONNULL = YES;
				CLANG_ANALYZER_NUMBER_OBJECT_CONVERSION = YES_AGGRESSIVE;
				CLANG_CXX_LANGUAGE_STANDARD = "gnu++20";
				CLANG_ENABLE_MODULES = YES;
				CLANG_ENABLE_OBJC_ARC = YES;
				CLANG_ENABLE_OBJC_WEAK = YES;
				CLANG_WARN_BLOCK_CAPTURE_AUTORELEASING = YES;
				CLANG_WARN_BOOL_CONVERSION = YES;
				CLANG_WARN_COMMA = YES;
				CLANG_WARN_CONSTANT_CONVERSION = YES;
				CLANG_WARN_DEPRECATED_OBJC_IMPLEMENTATIONS = YES;
				CLANG_WARN_DIRECT_OBJC_ISA_USAGE = YES_ERROR;
				CLANG_WARN_DOCUMENTATION_COMMENTS = YES;
				CLANG_WARN_EMPTY_BODY = YES;
				CLANG_WARN_ENUM_CONVERSION = YES;
				CLANG_WARN_INFINITE_RECURSION = YES;
				CLANG_WARN_INT_CONVERSION = YES;
				CLANG_WARN_NON_LITERAL_NULL_CONVERSION = YES;
				CLANG_WARN_OBJC_IMPLICIT_RETAIN_SELF = YES;
				CLANG_WARN_OBJC_LITERAL_CONVERSION = YES;
				CLANG_WARN_OBJC_ROOT_CLASS = YES_ERROR;
				CLANG_WARN_QUOTED_INCLUDE_IN_FRAMEWORK_HEADER = YES;
				CLANG_WARN_RANGE_LOOP_ANALYSIS = YES;
				CLANG_WARN_STRICT_PROTOTYPES = YES;
				CLANG_WARN_SUSPICIOUS_MOVE = YES;
				CLANG_WARN_UNGUARDED_AVAILABILITY = YES_AGGRESSIVE;
				CLANG_WARN_UNREACHABLE_CODE = YES;
				CLANG_WARN__DUPLICATE_METHOD_MATCH = YES;
				COPY_PHASE_STRIP = NO;
				DEBUG_INFORMATION_FORMAT = "dwarf-with-dsym";
				ENABLE_NS_ASSERTIONS = NO;
				ENABLE_STRICT_OBJC_MSGSEND = YES;
				GCC_C_LANGUAGE_STANDARD = gnu11;
				GCC_NO_COMMON_BLOCKS = YES;
				GCC_WARN_64_TO_32_BIT_CONVERSION = YES;
				GCC_WARN_ABOUT_RETURN_TYPE = YES_ERROR;
				GCC_WARN_UNDECLARED_SELECTOR = YES;
				GCC_WARN_UNINITIALIZED_AUTOS = YES_AGGRESSIVE;
				GCC_WARN_UNUSED_FUNCTION = YES;
				GCC_WARN_UNUSED_VARIABLE = YES;
				IPHONEOS_DEPLOYMENT_TARGET = 16.1;
				MTL_ENABLE_DEBUG_INFO = NO;
				MTL_FAST_MATH = YES;
				SDKROOT = iphoneos;
				SWIFT_COMPILATION_MODE = wholemodule;
				SWIFT_OPTIMIZATION_LEVEL = "-O";
				VALIDATE_PRODUCT = YES;
			};
			name = Release;
		};
		3C4257CF2AC467A300042CD5 /* Debug */ = {
			isa = XCBuildConfiguration;
			buildSettings = {
				ASSETCATALOG_COMPILER_APPICON_NAME = AppIcon;
				ASSETCATALOG_COMPILER_GLOBAL_ACCENT_COLOR_NAME = AccentColor;
				CODE_SIGN_STYLE = Automatic;
				CURRENT_PROJECT_VERSION = 1;
				DEVELOPMENT_ASSET_PATHS = "\"BreathEase/Preview Content\"";
				DEVELOPMENT_TEAM = B8677HC9HV;
				ENABLE_PREVIEWS = YES;
				GENERATE_INFOPLIST_FILE = YES;
				INFOPLIST_KEY_UIApplicationSceneManifest_Generation = YES;
				INFOPLIST_KEY_UIApplicationSupportsIndirectInputEvents = YES;
				INFOPLIST_KEY_UILaunchScreen_Generation = YES;
				INFOPLIST_KEY_UISupportedInterfaceOrientations_iPad = "UIInterfaceOrientationPortrait UIInterfaceOrientationPortraitUpsideDown UIInterfaceOrientationLandscapeLeft UIInterfaceOrientationLandscapeRight";
				INFOPLIST_KEY_UISupportedInterfaceOrientations_iPhone = "UIInterfaceOrientationPortrait UIInterfaceOrientationLandscapeLeft UIInterfaceOrientationLandscapeRight";
				LD_RUNPATH_SEARCH_PATHS = (
					"$(inherited)",
					"@executable_path/Frameworks",
				);
				MARKETING_VERSION = 1.0;
				PRODUCT_BUNDLE_IDENTIFIER = com.cubix.BreathEase;
				PRODUCT_NAME = "$(TARGET_NAME)";
				SWIFT_EMIT_LOC_STRINGS = YES;
				SWIFT_VERSION = 5.0;
				TARGETED_DEVICE_FAMILY = "1,2";
			};
			name = Debug;
		};
		3C4257D02AC467A300042CD5 /* Release */ = {
			isa = XCBuildConfiguration;
			buildSettings = {
				ASSETCATALOG_COMPILER_APPICON_NAME = AppIcon;
				ASSETCATALOG_COMPILER_GLOBAL_ACCENT_COLOR_NAME = AccentColor;
				CODE_SIGN_STYLE = Automatic;
				CURRENT_PROJECT_VERSION = 1;
				DEVELOPMENT_ASSET_PATHS = "\"BreathEase/Preview Content\"";
				DEVELOPMENT_TEAM = B8677HC9HV;
				ENABLE_PREVIEWS = YES;
				GENERATE_INFOPLIST_FILE = YES;
				INFOPLIST_KEY_UIApplicationSceneManifest_Generation = YES;
				INFOPLIST_KEY_UIApplicationSupportsIndirectInputEvents = YES;
				INFOPLIST_KEY_UILaunchScreen_Generation = YES;
				INFOPLIST_KEY_UISupportedInterfaceOrientations_iPad = "UIInterfaceOrientationPortrait UIInterfaceOrientationPortraitUpsideDown UIInterfaceOrientationLandscapeLeft UIInterfaceOrientationLandscapeRight";
				INFOPLIST_KEY_UISupportedInterfaceOrientations_iPhone = "UIInterfaceOrientationPortrait UIInterfaceOrientationLandscapeLeft UIInterfaceOrientationLandscapeRight";
				LD_RUNPATH_SEARCH_PATHS = (
					"$(inherited)",
					"@executable_path/Frameworks",
				);
				MARKETING_VERSION = 1.0;
				PRODUCT_BUNDLE_IDENTIFIER = com.cubix.BreathEase;
				PRODUCT_NAME = "$(TARGET_NAME)";
				SWIFT_EMIT_LOC_STRINGS = YES;
				SWIFT_VERSION = 5.0;
				TARGETED_DEVICE_FAMILY = "1,2";
			};
			name = Release;
		};
		3C4257D22AC467A400042CD5 /* Debug */ = {
			isa = XCBuildConfiguration;
			buildSettings = {
				ALWAYS_EMBED_SWIFT_STANDARD_LIBRARIES = YES;
				BUNDLE_LOADER = "$(TEST_HOST)";
				CODE_SIGN_STYLE = Automatic;
				CURRENT_PROJECT_VERSION = 1;
				DEVELOPMENT_TEAM = B8677HC9HV;
				GENERATE_INFOPLIST_FILE = YES;
				IPHONEOS_DEPLOYMENT_TARGET = 16.1;
				MARKETING_VERSION = 1.0;
				PRODUCT_BUNDLE_IDENTIFIER = com.cubix.BreathEaseTests;
				PRODUCT_NAME = "$(TARGET_NAME)";
				SWIFT_EMIT_LOC_STRINGS = NO;
				SWIFT_VERSION = 5.0;
				TARGETED_DEVICE_FAMILY = "1,2";
				TEST_HOST = "$(BUILT_PRODUCTS_DIR)/BreathEase.app/$(BUNDLE_EXECUTABLE_FOLDER_PATH)/BreathEase";
			};
			name = Debug;
		};
		3C4257D32AC467A400042CD5 /* Release */ = {
			isa = XCBuildConfiguration;
			buildSettings = {
				ALWAYS_EMBED_SWIFT_STANDARD_LIBRARIES = YES;
				BUNDLE_LOADER = "$(TEST_HOST)";
				CODE_SIGN_STYLE = Automatic;
				CURRENT_PROJECT_VERSION = 1;
				DEVELOPMENT_TEAM = B8677HC9HV;
				GENERATE_INFOPLIST_FILE = YES;
				IPHONEOS_DEPLOYMENT_TARGET = 16.1;
				MARKETING_VERSION = 1.0;
				PRODUCT_BUNDLE_IDENTIFIER = com.cubix.BreathEaseTests;
				PRODUCT_NAME = "$(TARGET_NAME)";
				SWIFT_EMIT_LOC_STRINGS = NO;
				SWIFT_VERSION = 5.0;
				TARGETED_DEVICE_FAMILY = "1,2";
				TEST_HOST = "$(BUILT_PRODUCTS_DIR)/BreathEase.app/$(BUNDLE_EXECUTABLE_FOLDER_PATH)/BreathEase";
			};
			name = Release;
		};
		3C4257D52AC467A400042CD5 /* Debug */ = {
			isa = XCBuildConfiguration;
			buildSettings = {
				ALWAYS_EMBED_SWIFT_STANDARD_LIBRARIES = YES;
				CODE_SIGN_STYLE = Automatic;
				CURRENT_PROJECT_VERSION = 1;
				DEVELOPMENT_TEAM = B8677HC9HV;
				GENERATE_INFOPLIST_FILE = YES;
				MARKETING_VERSION = 1.0;
				PRODUCT_BUNDLE_IDENTIFIER = com.cubix.BreathEaseUITests;
				PRODUCT_NAME = "$(TARGET_NAME)";
				SWIFT_EMIT_LOC_STRINGS = NO;
				SWIFT_VERSION = 5.0;
				TARGETED_DEVICE_FAMILY = "1,2";
				TEST_TARGET_NAME = BreathEase;
			};
			name = Debug;
		};
		3C4257D62AC467A400042CD5 /* Release */ = {
			isa = XCBuildConfiguration;
			buildSettings = {
				ALWAYS_EMBED_SWIFT_STANDARD_LIBRARIES = YES;
				CODE_SIGN_STYLE = Automatic;
				CURRENT_PROJECT_VERSION = 1;
				DEVELOPMENT_TEAM = B8677HC9HV;
				GENERATE_INFOPLIST_FILE = YES;
				MARKETING_VERSION = 1.0;
				PRODUCT_BUNDLE_IDENTIFIER = com.cubix.BreathEaseUITests;
				PRODUCT_NAME = "$(TARGET_NAME)";
				SWIFT_EMIT_LOC_STRINGS = NO;
				SWIFT_VERSION = 5.0;
				TARGETED_DEVICE_FAMILY = "1,2";
				TEST_TARGET_NAME = BreathEase;
			};
			name = Release;
		};
/* End XCBuildConfiguration section */

/* Begin XCConfigurationList section */
		3C4257A52AC4679300042CD5 /* Build configuration list for PBXProject "BreathEase" */ = {
			isa = XCConfigurationList;
			buildConfigurations = (
				3C4257CC2AC467A300042CD5 /* Debug */,
				3C4257CD2AC467A300042CD5 /* Release */,
			);
			defaultConfigurationIsVisible = 0;
			defaultConfigurationName = Release;
		};
		3C4257CE2AC467A300042CD5 /* Build configuration list for PBXNativeTarget "BreathEase" */ = {
			isa = XCConfigurationList;
			buildConfigurations = (
				3C4257CF2AC467A300042CD5 /* Debug */,
				3C4257D02AC467A300042CD5 /* Release */,
			);
			defaultConfigurationIsVisible = 0;
			defaultConfigurationName = Release;
		};
		3C4257D12AC467A400042CD5 /* Build configuration list for PBXNativeTarget "BreathEaseTests" */ = {
			isa = XCConfigurationList;
			buildConfigurations = (
				3C4257D22AC467A400042CD5 /* Debug */,
				3C4257D32AC467A400042CD5 /* Release */,
			);
			defaultConfigurationIsVisible = 0;
			defaultConfigurationName = Release;
		};
		3C4257D42AC467A400042CD5 /* Build configuration list for PBXNativeTarget "BreathEaseUITests" */ = {
			isa = XCConfigurationList;
			buildConfigurations = (
				3C4257D52AC467A400042CD5 /* Debug */,
				3C4257D62AC467A400042CD5 /* Release */,
			);
			defaultConfigurationIsVisible = 0;
			defaultConfigurationName = Release;
		};
/* End XCConfigurationList section */
	};
	rootObject = 3C4257A22AC4679300042CD5 /* Project object */;
}
